
Microsoft Visual Studio Solution File, Format Version 12.00
Project("{FAE04EC0-301F-11D3-BF4B-00C04F79EFBC}") = "Lab01", "Lab01\Lab01.csproj", "{2C919D07-6E53-456E-A1B8-E3AD809EABAB}"
EndProject
Project("{FAE04EC0-301F-11D3-BF4B-00C04F79EFBC}") = "Lab02", "Lab02\Lab02.csproj", "{39CF1D0F-05F4-4F4D-82D3-5D2CCF144401}"
EndProject
Global
	GlobalSection(SolutionConfigurationPlatforms) = preSolution
		Debug|Any CPU = Debug|Any CPU
		Release|Any CPU = Release|Any CPU
	EndGlobalSection
	GlobalSection(ProjectConfigurationPlatforms) = postSolution
		{2C919D07-6E53-456E-A1B8-E3AD809EABAB}.Debug|Any CPU.ActiveCfg = Debug|Any CPU
		{2C919D07-6E53-456E-A1B8-E3AD809EABAB}.Debug|Any CPU.Build.0 = Debug|Any CPU
		{2C919D07-6E53-456E-A1B8-E3AD809EABAB}.Release|Any CPU.ActiveCfg = Release|Any CPU
		{2C919D07-6E53-456E-A1B8-E3AD809EABAB}.Release|Any CPU.Build.0 = Release|Any CPU
		{39CF1D0F-05F4-4F4D-82D3-5D2CCF144401}.Debug|Any CPU.ActiveCfg = Debug|Any CPU
		{39CF1D0F-05F4-4F4D-82D3-5D2CCF144401}.Debug|Any CPU.Build.0 = Debug|Any CPU
		{39CF1D0F-05F4-4F4D-82D3-5D2CCF144401}.Release|Any CPU.ActiveCfg = Release|Any CPU
		{39CF1D0F-05F4-4F4D-82D3-5D2CCF144401}.Release|Any CPU.Build.0 = Release|Any CPU
	EndGlobalSection
EndGlobal
